
Microsoft Visual Studio Solution File, Format Version 12.00
# Visual Studio Version 17
VisualStudioVersion = 17.9.34723.18
MinimumVisualStudioVersion = 10.0.40219.1
Project("{FAE04EC0-301F-11D3-BF4B-00C04F79EFBC}") = "class1", "class1\class1.csproj", "{4D47DB1F-A187-4B11-8610-2AD3259C1650}"
EndProject
Project("{FAE04EC0-301F-11D3-BF4B-00C04F79EFBC}") = "NumberStats", "NumberStats\NumberStats.csproj", "{2C7166F9-A215-41C2-8A76-8C564A42235C}"
EndProject
Project("{FAE04EC0-301F-11D3-BF4B-00C04F79EFBC}") = "ExerciseLINQ", "ExerciseLINQ\ExerciseLINQ.csproj", "{A085F6DB-4085-4DDB-A668-CC94531B6480}"
EndProject
Project("{FAE04EC0-301F-11D3-BF4B-00C04F79EFBC}") = "Homework", "Homework\Homework.csproj", "{3B154133-891B-42E5-84BD-E73C40343299}"
EndProject
Global
	GlobalSection(SolutionConfigurationPlatforms) = preSolution
		Debug|Any CPU = Debug|Any CPU
		Release|Any CPU = Release|Any CPU
	EndGlobalSection
	GlobalSection(ProjectConfigurationPlatforms) = postSolution
		{4D47DB1F-A187-4B11-8610-2AD3259C1650}.Debug|Any CPU.ActiveCfg = Debug|Any CPU
		{4D47DB1F-A187-4B11-8610-2AD3259C1650}.Debug|Any CPU.Build.0 = Debug|Any CPU
		{4D47DB1F-A187-4B11-8610-2AD3259C1650}.Release|Any CPU.ActiveCfg = Release|Any CPU
		{4D47DB1F-A187-4B11-8610-2AD3259C1650}.Release|Any CPU.Build.0 = Release|Any CPU
		{2C7166F9-A215-41C2-8A76-8C564A42235C}.Debug|Any CPU.ActiveCfg = Debug|Any CPU
		{2C7166F9-A215-41C2-8A76-8C564A42235C}.Debug|Any CPU.Build.0 = Debug|Any CPU
		{2C7166F9-A215-41C2-8A76-8C564A42235C}.Release|Any CPU.ActiveCfg = Release|Any CPU
		{2C7166F9-A215-41C2-8A76-8C564A42235C}.Release|Any CPU.Build.0 = Release|Any CPU
		{A085F6DB-4085-4DDB-A668-CC94531B6480}.Debug|Any CPU.ActiveCfg = Debug|Any CPU
		{A085F6DB-4085-4DDB-A668-CC94531B6480}.Debug|Any CPU.Build.0 = Debug|Any CPU
		{A085F6DB-4085-4DDB-A668-CC94531B6480}.Release|Any CPU.ActiveCfg = Release|Any CPU
		{A085F6DB-4085-4DDB-A668-CC94531B6480}.Release|Any CPU.Build.0 = Release|Any CPU
		{3B154133-891B-42E5-84BD-E73C40343299}.Debug|Any CPU.ActiveCfg = Debug|Any CPU
		{3B154133-891B-42E5-84BD-E73C40343299}.Debug|Any CPU.Build.0 = Debug|Any CPU
		{3B154133-891B-42E5-84BD-E73C40343299}.Release|Any CPU.ActiveCfg = Release|Any CPU
		{3B154133-891B-42E5-84BD-E73C40343299}.Release|Any CPU.Build.0 = Release|Any CPU
	EndGlobalSection
	GlobalSection(SolutionProperties) = preSolution
		HideSolutionNode = FALSE
	EndGlobalSection
	GlobalSection(ExtensibilityGlobals) = postSolution
		SolutionGuid = {7801011C-984F-4DF0-879A-4205011BB567}
	EndGlobalSection
EndGlobal
