
Microsoft Visual Studio Solution File, Format Version 12.00
# Visual Studio Version 17
VisualStudioVersion = 17.9.34723.18
MinimumVisualStudioVersion = 10.0.40219.1
Project("{FAE04EC0-301F-11D3-BF4B-00C04F79EFBC}") = "Exercise4", "Exercise4\Exercise4.csproj", "{BB40E1E2-1419-480B-83FE-5279D64C7C4B}"
EndProject
Global
	GlobalSection(SolutionConfigurationPlatforms) = preSolution
		Debug|Any CPU = Debug|Any CPU
		Release|Any CPU = Release|Any CPU
	EndGlobalSection
	GlobalSection(ProjectConfigurationPlatforms) = postSolution
		{BB40E1E2-1419-480B-83FE-5279D64C7C4B}.Debug|Any CPU.ActiveCfg = Debug|Any CPU
		{BB40E1E2-1419-480B-83FE-5279D64C7C4B}.Debug|Any CPU.Build.0 = Debug|Any CPU
		{BB40E1E2-1419-480B-83FE-5279D64C7C4B}.Release|Any CPU.ActiveCfg = Release|Any CPU
		{BB40E1E2-1419-480B-83FE-5279D64C7C4B}.Release|Any CPU.Build.0 = Release|Any CPU
	EndGlobalSection
	GlobalSection(SolutionProperties) = preSolution
		HideSolutionNode = FALSE
	EndGlobalSection
	GlobalSection(ExtensibilityGlobals) = postSolution
		SolutionGuid = {2F7CFE6A-5FE5-4993-82B3-B377FC417B56}
	EndGlobalSection
EndGlobal
