
Microsoft Visual Studio Solution File, Format Version 12.00
# Visual Studio Version 17
VisualStudioVersion = 17.9.34723.18
MinimumVisualStudioVersion = 10.0.40219.1
Project("{9A19103F-16F7-4668-BE54-9A1E7A4F7556}") = "Abstractions", "class2\Abstractions.csproj", "{66E8B5A4-7C4E-44DD-94CF-160775C0EF40}"
EndProject
Project("{2150E333-8FDC-42A3-9474-1A3956D46DE8}") = "class2", "class2", "{74011781-5C79-40AE-BCBC-941DBAD5FF35}"
EndProject
Project("{9A19103F-16F7-4668-BE54-9A1E7A4F7556}") = "Exercise1", "Exercise1\Exercise1.csproj", "{B39418C0-1D19-4A49-8000-D804C156B514}"
EndProject
Project("{9A19103F-16F7-4668-BE54-9A1E7A4F7556}") = "Homework", "Homework\Homework.csproj", "{52CC4430-CA7E-451A-B156-453A401E2392}"
EndProject
Project("{9A19103F-16F7-4668-BE54-9A1E7A4F7556}") = "Homework2", "Homework2\Homework2.csproj", "{A4DD186A-F33F-472C-8D2D-7775E16A6560}"
EndProject
Project("{FAE04EC0-301F-11D3-BF4B-00C04F79EFBC}") = "Homework3", "Homework3\Homework3.csproj", "{B688B29F-BDD8-474C-9B9A-958A58A137A5}"
EndProject
Project("{FAE04EC0-301F-11D3-BF4B-00C04F79EFBC}") = "Homework4", "Homework4\Homework4.csproj", "{E94148B6-44FF-4A82-AF12-D2471E1B26EE}"
EndProject
Global
	GlobalSection(SolutionConfigurationPlatforms) = preSolution
		Debug|Any CPU = Debug|Any CPU
		Release|Any CPU = Release|Any CPU
	EndGlobalSection
	GlobalSection(ProjectConfigurationPlatforms) = postSolution
		{66E8B5A4-7C4E-44DD-94CF-160775C0EF40}.Debug|Any CPU.ActiveCfg = Debug|Any CPU
		{66E8B5A4-7C4E-44DD-94CF-160775C0EF40}.Debug|Any CPU.Build.0 = Debug|Any CPU
		{66E8B5A4-7C4E-44DD-94CF-160775C0EF40}.Release|Any CPU.ActiveCfg = Release|Any CPU
		{66E8B5A4-7C4E-44DD-94CF-160775C0EF40}.Release|Any CPU.Build.0 = Release|Any CPU
		{B39418C0-1D19-4A49-8000-D804C156B514}.Debug|Any CPU.ActiveCfg = Debug|Any CPU
		{B39418C0-1D19-4A49-8000-D804C156B514}.Debug|Any CPU.Build.0 = Debug|Any CPU
		{B39418C0-1D19-4A49-8000-D804C156B514}.Release|Any CPU.ActiveCfg = Release|Any CPU
		{B39418C0-1D19-4A49-8000-D804C156B514}.Release|Any CPU.Build.0 = Release|Any CPU
		{52CC4430-CA7E-451A-B156-453A401E2392}.Debug|Any CPU.ActiveCfg = Debug|Any CPU
		{52CC4430-CA7E-451A-B156-453A401E2392}.Debug|Any CPU.Build.0 = Debug|Any CPU
		{52CC4430-CA7E-451A-B156-453A401E2392}.Release|Any CPU.ActiveCfg = Release|Any CPU
		{52CC4430-CA7E-451A-B156-453A401E2392}.Release|Any CPU.Build.0 = Release|Any CPU
		{A4DD186A-F33F-472C-8D2D-7775E16A6560}.Debug|Any CPU.ActiveCfg = Debug|Any CPU
		{A4DD186A-F33F-472C-8D2D-7775E16A6560}.Debug|Any CPU.Build.0 = Debug|Any CPU
		{A4DD186A-F33F-472C-8D2D-7775E16A6560}.Release|Any CPU.ActiveCfg = Release|Any CPU
		{A4DD186A-F33F-472C-8D2D-7775E16A6560}.Release|Any CPU.Build.0 = Release|Any CPU
		{B688B29F-BDD8-474C-9B9A-958A58A137A5}.Debug|Any CPU.ActiveCfg = Debug|Any CPU
		{B688B29F-BDD8-474C-9B9A-958A58A137A5}.Debug|Any CPU.Build.0 = Debug|Any CPU
		{B688B29F-BDD8-474C-9B9A-958A58A137A5}.Release|Any CPU.ActiveCfg = Release|Any CPU
		{B688B29F-BDD8-474C-9B9A-958A58A137A5}.Release|Any CPU.Build.0 = Release|Any CPU
		{E94148B6-44FF-4A82-AF12-D2471E1B26EE}.Debug|Any CPU.ActiveCfg = Debug|Any CPU
		{E94148B6-44FF-4A82-AF12-D2471E1B26EE}.Debug|Any CPU.Build.0 = Debug|Any CPU
		{E94148B6-44FF-4A82-AF12-D2471E1B26EE}.Release|Any CPU.ActiveCfg = Release|Any CPU
		{E94148B6-44FF-4A82-AF12-D2471E1B26EE}.Release|Any CPU.Build.0 = Release|Any CPU
	EndGlobalSection
	GlobalSection(SolutionProperties) = preSolution
		HideSolutionNode = FALSE
	EndGlobalSection
	GlobalSection(NestedProjects) = preSolution
		{66E8B5A4-7C4E-44DD-94CF-160775C0EF40} = {74011781-5C79-40AE-BCBC-941DBAD5FF35}
		{B39418C0-1D19-4A49-8000-D804C156B514} = {74011781-5C79-40AE-BCBC-941DBAD5FF35}
	EndGlobalSection
	GlobalSection(ExtensibilityGlobals) = postSolution
		SolutionGuid = {79C8C420-C971-4AC4-A550-09E002C49623}
	EndGlobalSection
EndGlobal
